
Microsoft Visual Studio Solution File, Format Version 12.00
# Visual Studio Version 17
VisualStudioVersion = 17.9.34607.119
MinimumVisualStudioVersion = 10.0.40219.1
Project("{FAE04EC0-301F-11D3-BF4B-00C04F79EFBC}") = "HW_Task", "HW_Task\HW_Task.csproj", "{965F032B-AA59-4400-99C6-1796A2A2E6CD}"
EndProject
Global
	GlobalSection(SolutionConfigurationPlatforms) = preSolution
		Debug|Any CPU = Debug|Any CPU
		Release|Any CPU = Release|Any CPU
	EndGlobalSection
	GlobalSection(ProjectConfigurationPlatforms) = postSolution
		{965F032B-AA59-4400-99C6-1796A2A2E6CD}.Debug|Any CPU.ActiveCfg = Debug|Any CPU
		{965F032B-AA59-4400-99C6-1796A2A2E6CD}.Debug|Any CPU.Build.0 = Debug|Any CPU
		{965F032B-AA59-4400-99C6-1796A2A2E6CD}.Release|Any CPU.ActiveCfg = Release|Any CPU
		{965F032B-AA59-4400-99C6-1796A2A2E6CD}.Release|Any CPU.Build.0 = Release|Any CPU
	EndGlobalSection
	GlobalSection(SolutionProperties) = preSolution
		HideSolutionNode = FALSE
	EndGlobalSection
	GlobalSection(ExtensibilityGlobals) = postSolution
		SolutionGuid = {E14C9334-AE08-40A6-9520-17592CC5E70D}
	EndGlobalSection
EndGlobal
